// !$*UTF8*$!
{
	archiveVersion = 1;
	classes = {
	};
	objectVersion = 51;
	objects = {

/* Begin PBXBuildFile section */
		1CBE0E3AA26C808A01B1C70F /* Pods_Qiushi_QiushiUITests.framework in Frameworks */ = {isa = PBXBuildFile; fileRef = F8EED19F770CECB53DB28982 /* Pods_Qiushi_QiushiUITests.framework */; };
		3B53DB08239D0C82009D7C22 /* AppDelegate.swift in Sources */ = {isa = PBXBuildFile; fileRef = 3B53DB07239D0C82009D7C22 /* AppDelegate.swift */; };
		3B53DB0A239D0C82009D7C22 /* SceneDelegate.swift in Sources */ = {isa = PBXBuildFile; fileRef = 3B53DB09239D0C82009D7C22 /* SceneDelegate.swift */; };
		3B53DB0F239D0C82009D7C22 /* Main.storyboard in Resources */ = {isa = PBXBuildFile; fileRef = 3B53DB0D239D0C82009D7C22 /* Main.storyboard */; };
		3B53DB11239D0C84009D7C22 /* Assets.xcassets in Resources */ = {isa = PBXBuildFile; fileRef = 3B53DB10239D0C84009D7C22 /* Assets.xcassets */; };
		3B53DB14239D0C84009D7C22 /* LaunchScreen.storyboard in Resources */ = {isa = PBXBuildFile; fileRef = 3B53DB12239D0C84009D7C22 /* LaunchScreen.storyboard */; };
		3B53DB1F239D0C84009D7C22 /* QiushiTests.swift in Sources */ = {isa = PBXBuildFile; fileRef = 3B53DB1E239D0C84009D7C22 /* QiushiTests.swift */; };
		3B53DB2A239D0C84009D7C22 /* QiushiUITests.swift in Sources */ = {isa = PBXBuildFile; fileRef = 3B53DB29239D0C84009D7C22 /* QiushiUITests.swift */; };
		3B53DB3A239D0F64009D7C22 /* TabBarViewController.swift in Sources */ = {isa = PBXBuildFile; fileRef = 3B53DB39239D0F64009D7C22 /* TabBarViewController.swift */; };
		3B53DB3E239D107B009D7C22 /* HomeViewController.swift in Sources */ = {isa = PBXBuildFile; fileRef = 3B53DB3D239D107B009D7C22 /* HomeViewController.swift */; };
		3B53DB40239D1085009D7C22 /* MyViewController.swift in Sources */ = {isa = PBXBuildFile; fileRef = 3B53DB3F239D1085009D7C22 /* MyViewController.swift */; };
		3B53DB42239D235B009D7C22 /* API.swift in Sources */ = {isa = PBXBuildFile; fileRef = 3B53DB41239D235B009D7C22 /* API.swift */; };
		3B53DB48239D32F9009D7C22 /* Item.swift in Sources */ = {isa = PBXBuildFile; fileRef = 3B53DB45239D32F9009D7C22 /* Item.swift */; };
		3B53DB49239D32F9009D7C22 /* User.swift in Sources */ = {isa = PBXBuildFile; fileRef = 3B53DB46239D32F9009D7C22 /* User.swift */; };
		3B53DB4A239D32F9009D7C22 /* Comment.swift in Sources */ = {isa = PBXBuildFile; fileRef = 3B53DB47239D32F9009D7C22 /* Comment.swift */; };
		44F0558EA611346B6F4C4AD6 /* Pods_QiushiTests.framework in Frameworks */ = {isa = PBXBuildFile; fileRef = 46A515FBF3369488E65FDE33 /* Pods_QiushiTests.framework */; };
		8D89FE5F7C80FB86FF44DF51 /* Pods_Qiushi.framework in Frameworks */ = {isa = PBXBuildFile; fileRef = 61CB18604DF0226439B8E6CD /* Pods_Qiushi.framework */; };
/* End PBXBuildFile section */

/* Begin PBXContainerItemProxy section */
		3B53DB1B239D0C84009D7C22 /* PBXContainerItemProxy */ = {
			isa = PBXContainerItemProxy;
			containerPortal = 3B53DAFC239D0C82009D7C22 /* Project object */;
			proxyType = 1;
			remoteGlobalIDString = 3B53DB03239D0C82009D7C22;
			remoteInfo = Qiushi;
		};
		3B53DB26239D0C84009D7C22 /* PBXContainerItemProxy */ = {
			isa = PBXContainerItemProxy;
			containerPortal = 3B53DAFC239D0C82009D7C22 /* Project object */;
			proxyType = 1;
			remoteGlobalIDString = 3B53DB03239D0C82009D7C22;
			remoteInfo = Qiushi;
		};
/* End PBXContainerItemProxy section */

/* Begin PBXFileReference section */
		15BD7F4919305F1B7E26E261 /* Pods-Qiushi-QiushiUITests.debug.xcconfig */ = {isa = PBXFileReference; includeInIndex = 1; lastKnownFileType = text.xcconfig; name = "Pods-Qiushi-QiushiUITests.debug.xcconfig"; path = "Target Support Files/Pods-Qiushi-QiushiUITests/Pods-Qiushi-QiushiUITests.debug.xcconfig"; sourceTree = "<group>"; };
		17D4EE1FAA1538AF351840E3 /* Pods-Qiushi-QiushiUITests.release.xcconfig */ = {isa = PBXFileReference; includeInIndex = 1; lastKnownFileType = text.xcconfig; name = "Pods-Qiushi-QiushiUITests.release.xcconfig"; path = "Target Support Files/Pods-Qiushi-QiushiUITests/Pods-Qiushi-QiushiUITests.release.xcconfig"; sourceTree = "<group>"; };
		3B53DB04239D0C82009D7C22 /* Qiushi.app */ = {isa = PBXFileReference; explicitFileType = wrapper.application; includeInIndex = 0; path = Qiushi.app; sourceTree = BUILT_PRODUCTS_DIR; };
		3B53DB07239D0C82009D7C22 /* AppDelegate.swift */ = {isa = PBXFileReference; lastKnownFileType = sourcecode.swift; path = AppDelegate.swift; sourceTree = "<group>"; };
		3B53DB09239D0C82009D7C22 /* SceneDelegate.swift */ = {isa = PBXFileReference; lastKnownFileType = sourcecode.swift; path = SceneDelegate.swift; sourceTree = "<group>"; };
		3B53DB0E239D0C82009D7C22 /* Base */ = {isa = PBXFileReference; lastKnownFileType = file.storyboard; name = Base; path = Base.lproj/Main.storyboard; sourceTree = "<group>"; };
		3B53DB10239D0C84009D7C22 /* Assets.xcassets */ = {isa = PBXFileReference; lastKnownFileType = folder.assetcatalog; path = Assets.xcassets; sourceTree = "<group>"; };
		3B53DB13239D0C84009D7C22 /* Base */ = {isa = PBXFileReference; lastKnownFileType = file.storyboard; name = Base; path = Base.lproj/LaunchScreen.storyboard; sourceTree = "<group>"; };
		3B53DB15239D0C84009D7C22 /* Info.plist */ = {isa = PBXFileReference; lastKnownFileType = text.plist.xml; path = Info.plist; sourceTree = "<group>"; };
		3B53DB1A239D0C84009D7C22 /* QiushiTests.xctest */ = {isa = PBXFileReference; explicitFileType = wrapper.cfbundle; includeInIndex = 0; path = QiushiTests.xctest; sourceTree = BUILT_PRODUCTS_DIR; };
		3B53DB1E239D0C84009D7C22 /* QiushiTests.swift */ = {isa = PBXFileReference; lastKnownFileType = sourcecode.swift; path = QiushiTests.swift; sourceTree = "<group>"; };
		3B53DB20239D0C84009D7C22 /* Info.plist */ = {isa = PBXFileReference; lastKnownFileType = text.plist.xml; path = Info.plist; sourceTree = "<group>"; };
		3B53DB25239D0C84009D7C22 /* QiushiUITests.xctest */ = {isa = PBXFileReference; explicitFileType = wrapper.cfbundle; includeInIndex = 0; path = QiushiUITests.xctest; sourceTree = BUILT_PRODUCTS_DIR; };
		3B53DB29239D0C84009D7C22 /* QiushiUITests.swift */ = {isa = PBXFileReference; lastKnownFileType = sourcecode.swift; path = QiushiUITests.swift; sourceTree = "<group>"; };
		3B53DB2B239D0C84009D7C22 /* Info.plist */ = {isa = PBXFileReference; lastKnownFileType = text.plist.xml; path = Info.plist; sourceTree = "<group>"; };
		3B53DB39239D0F64009D7C22 /* TabBarViewController.swift */ = {isa = PBXFileReference; lastKnownFileType = sourcecode.swift; path = TabBarViewController.swift; sourceTree = "<group>"; };
		3B53DB3D239D107B009D7C22 /* HomeViewController.swift */ = {isa = PBXFileReference; lastKnownFileType = sourcecode.swift; path = HomeViewController.swift; sourceTree = "<group>"; };
		3B53DB3F239D1085009D7C22 /* MyViewController.swift */ = {isa = PBXFileReference; lastKnownFileType = sourcecode.swift; path = MyViewController.swift; sourceTree = "<group>"; };
		3B53DB41239D235B009D7C22 /* API.swift */ = {isa = PBXFileReference; lastKnownFileType = sourcecode.swift; path = API.swift; sourceTree = "<group>"; };
		3B53DB45239D32F9009D7C22 /* Item.swift */ = {isa = PBXFileReference; fileEncoding = 4; lastKnownFileType = sourcecode.swift; path = Item.swift; sourceTree = "<group>"; };
		3B53DB46239D32F9009D7C22 /* User.swift */ = {isa = PBXFileReference; fileEncoding = 4; lastKnownFileType = sourcecode.swift; path = User.swift; sourceTree = "<group>"; };
		3B53DB47239D32F9009D7C22 /* Comment.swift */ = {isa = PBXFileReference; fileEncoding = 4; lastKnownFileType = sourcecode.swift; path = Comment.swift; sourceTree = "<group>"; };
		46A515FBF3369488E65FDE33 /* Pods_QiushiTests.framework */ = {isa = PBXFileReference; explicitFileType = wrapper.framework; includeInIndex = 0; path = Pods_QiushiTests.framework; sourceTree = BUILT_PRODUCTS_DIR; };
		61CB18604DF0226439B8E6CD /* Pods_Qiushi.framework */ = {isa = PBXFileReference; explicitFileType = wrapper.framework; includeInIndex = 0; path = Pods_Qiushi.framework; sourceTree = BUILT_PRODUCTS_DIR; };
		714801C0636B797A47ABA94C /* Pods-Qiushi.release.xcconfig */ = {isa = PBXFileReference; includeInIndex = 1; lastKnownFileType = text.xcconfig; name = "Pods-Qiushi.release.xcconfig"; path = "Target Support Files/Pods-Qiushi/Pods-Qiushi.release.xcconfig"; sourceTree = "<group>"; };
		CBC3B448E82B64080927A623 /* Pods-QiushiTests.debug.xcconfig */ = {isa = PBXFileReference; includeInIndex = 1; lastKnownFileType = text.xcconfig; name = "Pods-QiushiTests.debug.xcconfig"; path = "Target Support Files/Pods-QiushiTests/Pods-QiushiTests.debug.xcconfig"; sourceTree = "<group>"; };
		CFF62B185042D6E344DAB0BC /* Pods-Qiushi.debug.xcconfig */ = {isa = PBXFileReference; includeInIndex = 1; lastKnownFileType = text.xcconfig; name = "Pods-Qiushi.debug.xcconfig"; path = "Target Support Files/Pods-Qiushi/Pods-Qiushi.debug.xcconfig"; sourceTree = "<group>"; };
		E21F4D92055AE22593D3E378 /* Pods-QiushiTests.release.xcconfig */ = {isa = PBXFileReference; includeInIndex = 1; lastKnownFileType = text.xcconfig; name = "Pods-QiushiTests.release.xcconfig"; path = "Target Support Files/Pods-QiushiTests/Pods-QiushiTests.release.xcconfig"; sourceTree = "<group>"; };
		F8EED19F770CECB53DB28982 /* Pods_Qiushi_QiushiUITests.framework */ = {isa = PBXFileReference; explicitFileType = wrapper.framework; includeInIndex = 0; path = Pods_Qiushi_QiushiUITests.framework; sourceTree = BUILT_PRODUCTS_DIR; };
/* End PBXFileReference section */

/* Begin PBXFrameworksBuildPhase section */
		3B53DB01239D0C82009D7C22 /* Frameworks */ = {
			isa = PBXFrameworksBuildPhase;
			buildActionMask = 2147483647;
			files = (
				8D89FE5F7C80FB86FF44DF51 /* Pods_Qiushi.framework in Frameworks */,
			);
			runOnlyForDeploymentPostprocessing = 0;
		};
		3B53DB17239D0C84009D7C22 /* Frameworks */ = {
			isa = PBXFrameworksBuildPhase;
			buildActionMask = 2147483647;
			files = (
				44F0558EA611346B6F4C4AD6 /* Pods_QiushiTests.framework in Frameworks */,
			);
			runOnlyForDeploymentPostprocessing = 0;
		};
		3B53DB22239D0C84009D7C22 /* Frameworks */ = {
			isa = PBXFrameworksBuildPhase;
			buildActionMask = 2147483647;
			files = (
				1CBE0E3AA26C808A01B1C70F /* Pods_Qiushi_QiushiUITests.framework in Frameworks */,
			);
			runOnlyForDeploymentPostprocessing = 0;
		};
/* End PBXFrameworksBuildPhase section */

/* Begin PBXGroup section */
		3B53DAFB239D0C82009D7C22 = {
			isa = PBXGroup;
			children = (
				3B53DB06239D0C82009D7C22 /* Qiushi */,
				3B53DB1D239D0C84009D7C22 /* QiushiTests */,
				3B53DB28239D0C84009D7C22 /* QiushiUITests */,
				3B53DB05239D0C82009D7C22 /* Products */,
				6514797AF096CDDC393DDBFD /* Pods */,
				4B8F557619380F5B5BF636C5 /* Frameworks */,
			);
			sourceTree = "<group>";
		};
		3B53DB05239D0C82009D7C22 /* Products */ = {
			isa = PBXGroup;
			children = (
				3B53DB04239D0C82009D7C22 /* Qiushi.app */,
				3B53DB1A239D0C84009D7C22 /* QiushiTests.xctest */,
				3B53DB25239D0C84009D7C22 /* QiushiUITests.xctest */,
			);
			name = Products;
			sourceTree = "<group>";
		};
		3B53DB06239D0C82009D7C22 /* Qiushi */ = {
			isa = PBXGroup;
			children = (
				3B53DB3B239D105D009D7C22 /* Home */,
				3B53DB3C239D1063009D7C22 /* My */,
				3B53DB38239D0F0C009D7C22 /* Root */,
				3B53DB37239D0ED5009D7C22 /* Resource */,
			);
			path = Qiushi;
			sourceTree = "<group>";
		};
		3B53DB1D239D0C84009D7C22 /* QiushiTests */ = {
			isa = PBXGroup;
			children = (
				3B53DB1E239D0C84009D7C22 /* QiushiTests.swift */,
				3B53DB20239D0C84009D7C22 /* Info.plist */,
			);
			path = QiushiTests;
			sourceTree = "<group>";
		};
		3B53DB28239D0C84009D7C22 /* QiushiUITests */ = {
			isa = PBXGroup;
			children = (
				3B53DB29239D0C84009D7C22 /* QiushiUITests.swift */,
				3B53DB2B239D0C84009D7C22 /* Info.plist */,
			);
			path = QiushiUITests;
			sourceTree = "<group>";
		};
		3B53DB37239D0ED5009D7C22 /* Resource */ = {
			isa = PBXGroup;
			children = (
				3B53DB0D239D0C82009D7C22 /* Main.storyboard */,
				3B53DB10239D0C84009D7C22 /* Assets.xcassets */,
				3B53DB12239D0C84009D7C22 /* LaunchScreen.storyboard */,
				3B53DB15239D0C84009D7C22 /* Info.plist */,
			);
			path = Resource;
			sourceTree = "<group>";
		};
		3B53DB38239D0F0C009D7C22 /* Root */ = {
			isa = PBXGroup;
			children = (
				3B53DB07239D0C82009D7C22 /* AppDelegate.swift */,
				3B53DB09239D0C82009D7C22 /* SceneDelegate.swift */,
				3B53DB39239D0F64009D7C22 /* TabBarViewController.swift */,
				3B53DB41239D235B009D7C22 /* API.swift */,
			);
			path = Root;
			sourceTree = "<group>";
		};
		3B53DB3B239D105D009D7C22 /* Home */ = {
			isa = PBXGroup;
			children = (
				3B53DB3D239D107B009D7C22 /* HomeViewController.swift */,
				3B53DB47239D32F9009D7C22 /* Comment.swift */,
				3B53DB45239D32F9009D7C22 /* Item.swift */,
				3B53DB46239D32F9009D7C22 /* User.swift */,
			);
			path = Home;
			sourceTree = "<group>";
		};
		3B53DB3C239D1063009D7C22 /* My */ = {
			isa = PBXGroup;
			children = (
				3B53DB3F239D1085009D7C22 /* MyViewController.swift */,
			);
			path = My;
			sourceTree = "<group>";
		};
		4B8F557619380F5B5BF636C5 /* Frameworks */ = {
			isa = PBXGroup;
			children = (
				61CB18604DF0226439B8E6CD /* Pods_Qiushi.framework */,
				F8EED19F770CECB53DB28982 /* Pods_Qiushi_QiushiUITests.framework */,
				46A515FBF3369488E65FDE33 /* Pods_QiushiTests.framework */,
			);
			name = Frameworks;
			sourceTree = "<group>";
		};
		6514797AF096CDDC393DDBFD /* Pods */ = {
			isa = PBXGroup;
			children = (
				CFF62B185042D6E344DAB0BC /* Pods-Qiushi.debug.xcconfig */,
				714801C0636B797A47ABA94C /* Pods-Qiushi.release.xcconfig */,
				15BD7F4919305F1B7E26E261 /* Pods-Qiushi-QiushiUITests.debug.xcconfig */,
				17D4EE1FAA1538AF351840E3 /* Pods-Qiushi-QiushiUITests.release.xcconfig */,
				CBC3B448E82B64080927A623 /* Pods-QiushiTests.debug.xcconfig */,
				E21F4D92055AE22593D3E378 /* Pods-QiushiTests.release.xcconfig */,
			);
			path = Pods;
			sourceTree = "<group>";
		};
/* End PBXGroup section */

/* Begin PBXNativeTarget section */
		3B53DB03239D0C82009D7C22 /* Qiushi */ = {
			isa = PBXNativeTarget;
			buildConfigurationList = 3B53DB2E239D0C84009D7C22 /* Build configuration list for PBXNativeTarget "Qiushi" */;
			buildPhases = (
				94146BEEF07F58E16C21345D /* [CP] Check Pods Manifest.lock */,
				3B53DB00239D0C82009D7C22 /* Sources */,
				3B53DB01239D0C82009D7C22 /* Frameworks */,
				3B53DB02239D0C82009D7C22 /* Resources */,
				9EEB44C1122D71685D14115C /* [CP] Embed Pods Frameworks */,
			);
			buildRules = (
			);
			dependencies = (
			);
			name = Qiushi;
			productName = Qiushi;
			productReference = 3B53DB04239D0C82009D7C22 /* Qiushi.app */;
			productType = "com.apple.product-type.application";
		};
		3B53DB19239D0C84009D7C22 /* QiushiTests */ = {
			isa = PBXNativeTarget;
			buildConfigurationList = 3B53DB31239D0C84009D7C22 /* Build configuration list for PBXNativeTarget "QiushiTests" */;
			buildPhases = (
				43C66B27E9A242334A6A08C5 /* [CP] Check Pods Manifest.lock */,
				3B53DB16239D0C84009D7C22 /* Sources */,
				3B53DB17239D0C84009D7C22 /* Frameworks */,
				3B53DB18239D0C84009D7C22 /* Resources */,
			);
			buildRules = (
			);
			dependencies = (
				3B53DB1C239D0C84009D7C22 /* PBXTargetDependency */,
			);
			name = QiushiTests;
			productName = QiushiTests;
			productReference = 3B53DB1A239D0C84009D7C22 /* QiushiTests.xctest */;
			productType = "com.apple.product-type.bundle.unit-test";
		};
		3B53DB24239D0C84009D7C22 /* QiushiUITests */ = {
			isa = PBXNativeTarget;
			buildConfigurationList = 3B53DB34239D0C84009D7C22 /* Build configuration list for PBXNativeTarget "QiushiUITests" */;
			buildPhases = (
				836A4D9AAAE1777003E16D2A /* [CP] Check Pods Manifest.lock */,
				3B53DB21239D0C84009D7C22 /* Sources */,
				3B53DB22239D0C84009D7C22 /* Frameworks */,
				3B53DB23239D0C84009D7C22 /* Resources */,
				49A229E214EEBDFCB84D4CA1 /* [CP] Embed Pods Frameworks */,
			);
			buildRules = (
			);
			dependencies = (
				3B53DB27239D0C84009D7C22 /* PBXTargetDependency */,
			);
			name = QiushiUITests;
			productName = QiushiUITests;
			productReference = 3B53DB25239D0C84009D7C22 /* QiushiUITests.xctest */;
			productType = "com.apple.product-type.bundle.ui-testing";
		};
/* End PBXNativeTarget section */

/* Begin PBXProject section */
		3B53DAFC239D0C82009D7C22 /* Project object */ = {
			isa = PBXProject;
			attributes = {
				LastSwiftUpdateCheck = 1120;
				LastUpgradeCheck = 1120;
				ORGANIZATIONNAME = Link;
				TargetAttributes = {
					3B53DB03239D0C82009D7C22 = {
						CreatedOnToolsVersion = 11.2.1;
					};
					3B53DB19239D0C84009D7C22 = {
						CreatedOnToolsVersion = 11.2.1;
						TestTargetID = 3B53DB03239D0C82009D7C22;
					};
					3B53DB24239D0C84009D7C22 = {
						CreatedOnToolsVersion = 11.2.1;
						TestTargetID = 3B53DB03239D0C82009D7C22;
					};
				};
			};
			buildConfigurationList = 3B53DAFF239D0C82009D7C22 /* Build configuration list for PBXProject "Qiushi" */;
			compatibilityVersion = "Xcode 9.3";
			developmentRegion = en;
			hasScannedForEncodings = 0;
			knownRegions = (
				en,
				Base,
			);
			mainGroup = 3B53DAFB239D0C82009D7C22;
			productRefGroup = 3B53DB05239D0C82009D7C22 /* Products */;
			projectDirPath = "";
			projectRoot = "";
			targets = (
				3B53DB03239D0C82009D7C22 /* Qiushi */,
				3B53DB19239D0C84009D7C22 /* QiushiTests */,
				3B53DB24239D0C84009D7C22 /* QiushiUITests */,
			);
		};
/* End PBXProject section */

/* Begin PBXResourcesBuildPhase section */
		3B53DB02239D0C82009D7C22 /* Resources */ = {
			isa = PBXResourcesBuildPhase;
			buildActionMask = 2147483647;
			files = (
				3B53DB14239D0C84009D7C22 /* LaunchScreen.storyboard in Resources */,
				3B53DB11239D0C84009D7C22 /* Assets.xcassets in Resources */,
				3B53DB0F239D0C82009D7C22 /* Main.storyboard in Resources */,
			);
			runOnlyForDeploymentPostprocessing = 0;
		};
		3B53DB18239D0C84009D7C22 /* Resources */ = {
			isa = PBXResourcesBuildPhase;
			buildActionMask = 2147483647;
			files = (
			);
			runOnlyForDeploymentPostprocessing = 0;
		};
		3B53DB23239D0C84009D7C22 /* Resources */ = {
			isa = PBXResourcesBuildPhase;
			buildActionMask = 2147483647;
			files = (
			);
			runOnlyForDeploymentPostprocessing = 0;
		};
/* End PBXResourcesBuildPhase section */

/* Begin PBXShellScriptBuildPhase section */
		43C66B27E9A242334A6A08C5 /* [CP] Check Pods Manifest.lock */ = {
			isa = PBXShellScriptBuildPhase;
			buildActionMask = 2147483647;
			files = (
			);
			inputFileListPaths = (
			);
			inputPaths = (
				"${PODS_PODFILE_DIR_PATH}/Podfile.lock",
				"${PODS_ROOT}/Manifest.lock",
			);
			name = "[CP] Check Pods Manifest.lock";
			outputFileListPaths = (
			);
			outputPaths = (
				"$(DERIVED_FILE_DIR)/Pods-QiushiTests-checkManifestLockResult.txt",
			);
			runOnlyForDeploymentPostprocessing = 0;
			shellPath = /bin/sh;
			shellScript = "diff \"${PODS_PODFILE_DIR_PATH}/Podfile.lock\" \"${PODS_ROOT}/Manifest.lock\" > /dev/null\nif [ $? != 0 ] ; then\n    # print error to STDERR\n    echo \"error: The sandbox is not in sync with the Podfile.lock. Run 'pod install' or update your CocoaPods installation.\" >&2\n    exit 1\nfi\n# This output is used by Xcode 'outputs' to avoid re-running this script phase.\necho \"SUCCESS\" > \"${SCRIPT_OUTPUT_FILE_0}\"\n";
			showEnvVarsInLog = 0;
		};
		49A229E214EEBDFCB84D4CA1 /* [CP] Embed Pods Frameworks */ = {
			isa = PBXShellScriptBuildPhase;
			buildActionMask = 2147483647;
			files = (
			);
			inputFileListPaths = (
				"${PODS_ROOT}/Target Support Files/Pods-Qiushi-QiushiUITests/Pods-Qiushi-QiushiUITests-frameworks-${CONFIGURATION}-input-files.xcfilelist",
			);
			name = "[CP] Embed Pods Frameworks";
			outputFileListPaths = (
				"${PODS_ROOT}/Target Support Files/Pods-Qiushi-QiushiUITests/Pods-Qiushi-QiushiUITests-frameworks-${CONFIGURATION}-output-files.xcfilelist",
			);
			runOnlyForDeploymentPostprocessing = 0;
			shellPath = /bin/sh;
			shellScript = "\"${PODS_ROOT}/Target Support Files/Pods-Qiushi-QiushiUITests/Pods-Qiushi-QiushiUITests-frameworks.sh\"\n";
			showEnvVarsInLog = 0;
		};
		836A4D9AAAE1777003E16D2A /* [CP] Check Pods Manifest.lock */ = {
			isa = PBXShellScriptBuildPhase;
			buildActionMask = 2147483647;
			files = (
			);
			inputFileListPaths = (
			);
			inputPaths = (
				"${PODS_PODFILE_DIR_PATH}/Podfile.lock",
				"${PODS_ROOT}/Manifest.lock",
			);
			name = "[CP] Check Pods Manifest.lock";
			outputFileListPaths = (
			);
			outputPaths = (
				"$(DERIVED_FILE_DIR)/Pods-Qiushi-QiushiUITests-checkManifestLockResult.txt",
			);
			runOnlyForDeploymentPostprocessing = 0;
			shellPath = /bin/sh;
			shellScript = "diff \"${PODS_PODFILE_DIR_PATH}/Podfile.lock\" \"${PODS_ROOT}/Manifest.lock\" > /dev/null\nif [ $? != 0 ] ; then\n    # print error to STDERR\n    echo \"error: The sandbox is not in sync with the Podfile.lock. Run 'pod install' or update your CocoaPods installation.\" >&2\n    exit 1\nfi\n# This output is used by Xcode 'outputs' to avoid re-running this script phase.\necho \"SUCCESS\" > \"${SCRIPT_OUTPUT_FILE_0}\"\n";
			showEnvVarsInLog = 0;
		};
		94146BEEF07F58E16C21345D /* [CP] Check Pods Manifest.lock */ = {
			isa = PBXShellScriptBuildPhase;
			buildActionMask = 2147483647;
			files = (
			);
			inputFileListPaths = (
			);
			inputPaths = (
				"${PODS_PODFILE_DIR_PATH}/Podfile.lock",
				"${PODS_ROOT}/Manifest.lock",
			);
			name = "[CP] Check Pods Manifest.lock";
			outputFileListPaths = (
			);
			outputPaths = (
				"$(DERIVED_FILE_DIR)/Pods-Qiushi-checkManifestLockResult.txt",
			);
			runOnlyForDeploymentPostprocessing = 0;
			shellPath = /bin/sh;
			shellScript = "diff \"${PODS_PODFILE_DIR_PATH}/Podfile.lock\" \"${PODS_ROOT}/Manifest.lock\" > /dev/null\nif [ $? != 0 ] ; then\n    # print error to STDERR\n    echo \"error: The sandbox is not in sync with the Podfile.lock. Run 'pod install' or update your CocoaPods installation.\" >&2\n    exit 1\nfi\n# This output is used by Xcode 'outputs' to avoid re-running this script phase.\necho \"SUCCESS\" > \"${SCRIPT_OUTPUT_FILE_0}\"\n";
			showEnvVarsInLog = 0;
		};
		9EEB44C1122D71685D14115C /* [CP] Embed Pods Frameworks */ = {
			isa = PBXShellScriptBuildPhase;
			buildActionMask = 2147483647;
			files = (
			);
			inputFileListPaths = (
				"${PODS_ROOT}/Target Support Files/Pods-Qiushi/Pods-Qiushi-frameworks-${CONFIGURATION}-input-files.xcfilelist",
			);
			name = "[CP] Embed Pods Frameworks";
			outputFileListPaths = (
				"${PODS_ROOT}/Target Support Files/Pods-Qiushi/Pods-Qiushi-frameworks-${CONFIGURATION}-output-files.xcfilelist",
			);
			runOnlyForDeploymentPostprocessing = 0;
			shellPath = /bin/sh;
			shellScript = "\"${PODS_ROOT}/Target Support Files/Pods-Qiushi/Pods-Qiushi-frameworks.sh\"\n";
			showEnvVarsInLog = 0;
		};
/* End PBXShellScriptBuildPhase section */

/* Begin PBXSourcesBuildPhase section */
		3B53DB00239D0C82009D7C22 /* Sources */ = {
			isa = PBXSourcesBuildPhase;
			buildActionMask = 2147483647;
			files = (
				3B53DB08239D0C82009D7C22 /* AppDelegate.swift in Sources */,
				3B53DB3A239D0F64009D7C22 /* TabBarViewController.swift in Sources */,
				3B53DB0A239D0C82009D7C22 /* SceneDelegate.swift in Sources */,
				3B53DB40239D1085009D7C22 /* MyViewController.swift in Sources */,
				3B53DB49239D32F9009D7C22 /* User.swift in Sources */,
				3B53DB48239D32F9009D7C22 /* Item.swift in Sources */,
				3B53DB42239D235B009D7C22 /* API.swift in Sources */,
				3B53DB4A239D32F9009D7C22 /* Comment.swift in Sources */,
				3B53DB3E239D107B009D7C22 /* HomeViewController.swift in Sources */,
			);
			runOnlyForDeploymentPostprocessing = 0;
		};
		3B53DB16239D0C84009D7C22 /* Sources */ = {
			isa = PBXSourcesBuildPhase;
			buildActionMask = 2147483647;
			files = (
				3B53DB1F239D0C84009D7C22 /* QiushiTests.swift in Sources */,
			);
			runOnlyForDeploymentPostprocessing = 0;
		};
		3B53DB21239D0C84009D7C22 /* Sources */ = {
			isa = PBXSourcesBuildPhase;
			buildActionMask = 2147483647;
			files = (
				3B53DB2A239D0C84009D7C22 /* QiushiUITests.swift in Sources */,
			);
			runOnlyForDeploymentPostprocessing = 0;
		};
/* End PBXSourcesBuildPhase section */

/* Begin PBXTargetDependency section */
		3B53DB1C239D0C84009D7C22 /* PBXTargetDependency */ = {
			isa = PBXTargetDependency;
			target = 3B53DB03239D0C82009D7C22 /* Qiushi */;
			targetProxy = 3B53DB1B239D0C84009D7C22 /* PBXContainerItemProxy */;
		};
		3B53DB27239D0C84009D7C22 /* PBXTargetDependency */ = {
			isa = PBXTargetDependency;
			target = 3B53DB03239D0C82009D7C22 /* Qiushi */;
			targetProxy = 3B53DB26239D0C84009D7C22 /* PBXContainerItemProxy */;
		};
/* End PBXTargetDependency section */

/* Begin PBXVariantGroup section */
		3B53DB0D239D0C82009D7C22 /* Main.storyboard */ = {
			isa = PBXVariantGroup;
			children = (
				3B53DB0E239D0C82009D7C22 /* Base */,
			);
			name = Main.storyboard;
			sourceTree = "<group>";
		};
		3B53DB12239D0C84009D7C22 /* LaunchScreen.storyboard */ = {
			isa = PBXVariantGroup;
			children = (
				3B53DB13239D0C84009D7C22 /* Base */,
			);
			name = LaunchScreen.storyboard;
			sourceTree = "<group>";
		};
/* End PBXVariantGroup section */

/* Begin XCBuildConfiguration section */
		3B53DB2C239D0C84009D7C22 /* Debug */ = {
			isa = XCBuildConfiguration;
			buildSettings = {
				ALWAYS_SEARCH_USER_PATHS = NO;
				CLANG_ANALYZER_NONNULL = YES;
				CLANG_ANALYZER_NUMBER_OBJECT_CONVERSION = YES_AGGRESSIVE;
				CLANG_CXX_LANGUAGE_STANDARD = "gnu++14";
				CLANG_CXX_LIBRARY = "libc++";
				CLANG_ENABLE_MODULES = YES;
				CLANG_ENABLE_OBJC_ARC = YES;
				CLANG_ENABLE_OBJC_WEAK = YES;
				CLANG_WARN_BLOCK_CAPTURE_AUTORELEASING = YES;
				CLANG_WARN_BOOL_CONVERSION = YES;
				CLANG_WARN_COMMA = YES;
				CLANG_WARN_CONSTANT_CONVERSION = YES;
				CLANG_WARN_DEPRECATED_OBJC_IMPLEMENTATIONS = YES;
				CLANG_WARN_DIRECT_OBJC_ISA_USAGE = YES_ERROR;
				CLANG_WARN_DOCUMENTATION_COMMENTS = YES;
				CLANG_WARN_EMPTY_BODY = YES;
				CLANG_WARN_ENUM_CONVERSION = YES;
				CLANG_WARN_INFINITE_RECURSION = YES;
				CLANG_WARN_INT_CONVERSION = YES;
				CLANG_WARN_NON_LITERAL_NULL_CONVERSION = YES;
				CLANG_WARN_OBJC_IMPLICIT_RETAIN_SELF = YES;
				CLANG_WARN_OBJC_LITERAL_CONVERSION = YES;
				CLANG_WARN_OBJC_ROOT_CLASS = YES_ERROR;
				CLANG_WARN_RANGE_LOOP_ANALYSIS = YES;
				CLANG_WARN_STRICT_PROTOTYPES = YES;
				CLANG_WARN_SUSPICIOUS_MOVE = YES;
				CLANG_WARN_UNGUARDED_AVAILABILITY = YES_AGGRESSIVE;
				CLANG_WARN_UNREACHABLE_CODE = YES;
				CLANG_WARN__DUPLICATE_METHOD_MATCH = YES;
				COPY_PHASE_STRIP = NO;
				DEBUG_INFORMATION_FORMAT = dwarf;
				ENABLE_STRICT_OBJC_MSGSEND = YES;
				ENABLE_TESTABILITY = YES;
				GCC_C_LANGUAGE_STANDARD = gnu11;
				GCC_DYNAMIC_NO_PIC = NO;
				GCC_NO_COMMON_BLOCKS = YES;
				GCC_OPTIMIZATION_LEVEL = 0;
				GCC_PREPROCESSOR_DEFINITIONS = (
					"DEBUG=1",
					"$(inherited)",
				);
				GCC_WARN_64_TO_32_BIT_CONVERSION = YES;
				GCC_WARN_ABOUT_RETURN_TYPE = YES_ERROR;
				GCC_WARN_UNDECLARED_SELECTOR = YES;
				GCC_WARN_UNINITIALIZED_AUTOS = YES_AGGRESSIVE;
				GCC_WARN_UNUSED_FUNCTION = YES;
				GCC_WARN_UNUSED_VARIABLE = YES;
				IPHONEOS_DEPLOYMENT_TARGET = 13.2;
				MTL_ENABLE_DEBUG_INFO = INCLUDE_SOURCE;
				MTL_FAST_MATH = YES;
				ONLY_ACTIVE_ARCH = YES;
				SDKROOT = iphoneos;
				SWIFT_ACTIVE_COMPILATION_CONDITIONS = DEBUG;
				SWIFT_OPTIMIZATION_LEVEL = "-Onone";
			};
			name = Debug;
		};
		3B53DB2D239D0C84009D7C22 /* Release */ = {
			isa = XCBuildConfiguration;
			buildSettings = {
				ALWAYS_SEARCH_USER_PATHS = NO;
				CLANG_ANALYZER_NONNULL = YES;
				CLANG_ANALYZER_NUMBER_OBJECT_CONVERSION = YES_AGGRESSIVE;
				CLANG_CXX_LANGUAGE_STANDARD = "gnu++14";
				CLANG_CXX_LIBRARY = "libc++";
				CLANG_ENABLE_MODULES = YES;
				CLANG_ENABLE_OBJC_ARC = YES;
				CLANG_ENABLE_OBJC_WEAK = YES;
				CLANG_WARN_BLOCK_CAPTURE_AUTORELEASING = YES;
				CLANG_WARN_BOOL_CONVERSION = YES;
				CLANG_WARN_COMMA = YES;
				CLANG_WARN_CONSTANT_CONVERSION = YES;
				CLANG_WARN_DEPRECATED_OBJC_IMPLEMENTATIONS = YES;
				CLANG_WARN_DIRECT_OBJC_ISA_USAGE = YES_ERROR;
				CLANG_WARN_DOCUMENTATION_COMMENTS = YES;
				CLANG_WARN_EMPTY_BODY = YES;
				CLANG_WARN_ENUM_CONVERSION = YES;
				CLANG_WARN_INFINITE_RECURSION = YES;
				CLANG_WARN_INT_CONVERSION = YES;
				CLANG_WARN_NON_LITERAL_NULL_CONVERSION = YES;
				CLANG_WARN_OBJC_IMPLICIT_RETAIN_SELF = YES;
				CLANG_WARN_OBJC_LITERAL_CONVERSION = YES;
				CLANG_WARN_OBJC_ROOT_CLASS = YES_ERROR;
				CLANG_WARN_RANGE_LOOP_ANALYSIS = YES;
				CLANG_WARN_STRICT_PROTOTYPES = YES;
				CLANG_WARN_SUSPICIOUS_MOVE = YES;
				CLANG_WARN_UNGUARDED_AVAILABILITY = YES_AGGRESSIVE;
				CLANG_WARN_UNREACHABLE_CODE = YES;
				CLANG_WARN__DUPLICATE_METHOD_MATCH = YES;
				COPY_PHASE_STRIP = NO;
				DEBUG_INFORMATION_FORMAT = "dwarf-with-dsym";
				ENABLE_NS_ASSERTIONS = NO;
				ENABLE_STRICT_OBJC_MSGSEND = YES;
				GCC_C_LANGUAGE_STANDARD = gnu11;
				GCC_NO_COMMON_BLOCKS = YES;
				GCC_WARN_64_TO_32_BIT_CONVERSION = YES;
				GCC_WARN_ABOUT_RETURN_TYPE = YES_ERROR;
				GCC_WARN_UNDECLARED_SELECTOR = YES;
				GCC_WARN_UNINITIALIZED_AUTOS = YES_AGGRESSIVE;
				GCC_WARN_UNUSED_FUNCTION = YES;
				GCC_WARN_UNUSED_VARIABLE = YES;
				IPHONEOS_DEPLOYMENT_TARGET = 13.2;
				MTL_ENABLE_DEBUG_INFO = NO;
				MTL_FAST_MATH = YES;
				SDKROOT = iphoneos;
				SWIFT_COMPILATION_MODE = wholemodule;
				SWIFT_OPTIMIZATION_LEVEL = "-O";
				VALIDATE_PRODUCT = YES;
			};
			name = Release;
		};
		3B53DB2F239D0C84009D7C22 /* Debug */ = {
			isa = XCBuildConfiguration;
			baseConfigurationReference = CFF62B185042D6E344DAB0BC /* Pods-Qiushi.debug.xcconfig */;
			buildSettings = {
				ASSETCATALOG_COMPILER_APPICON_NAME = AppIcon;
				CODE_SIGN_STYLE = Automatic;
				DEVELOPMENT_TEAM = 9H7JFCV9B8;
				INFOPLIST_FILE = Qiushi/Resource/Info.plist;
				LD_RUNPATH_SEARCH_PATHS = (
					"$(inherited)",
					"@executable_path/Frameworks",
				);
				PRODUCT_BUNDLE_IDENTIFIER = com.link.Qiushi;
				PRODUCT_NAME = "$(TARGET_NAME)";
				SWIFT_VERSION = 5.0;
				TARGETED_DEVICE_FAMILY = "1,2";
			};
			name = Debug;
		};
		3B53DB30239D0C84009D7C22 /* Release */ = {
			isa = XCBuildConfiguration;
			baseConfigurationReference = 714801C0636B797A47ABA94C /* Pods-Qiushi.release.xcconfig */;
			buildSettings = {
				ASSETCATALOG_COMPILER_APPICON_NAME = AppIcon;
				CODE_SIGN_STYLE = Automatic;
				DEVELOPMENT_TEAM = 9H7JFCV9B8;
				INFOPLIST_FILE = Qiushi/Resource/Info.plist;
				LD_RUNPATH_SEARCH_PATHS = (
					"$(inherited)",
					"@executable_path/Frameworks",
				);
				PRODUCT_BUNDLE_IDENTIFIER = com.link.Qiushi;
				PRODUCT_NAME = "$(TARGET_NAME)";
				SWIFT_VERSION = 5.0;
				TARGETED_DEVICE_FAMILY = "1,2";
			};
			name = Release;
		};
		3B53DB32239D0C84009D7C22 /* Debug */ = {
			isa = XCBuildConfiguration;
			baseConfigurationReference = CBC3B448E82B64080927A623 /* Pods-QiushiTests.debug.xcconfig */;
			buildSettings = {
				ALWAYS_EMBED_SWIFT_STANDARD_LIBRARIES = YES;
				BUNDLE_LOADER = "$(TEST_HOST)";
				CODE_SIGN_STYLE = Automatic;
				DEVELOPMENT_TEAM = 9H7JFCV9B8;
				INFOPLIST_FILE = QiushiTests/Info.plist;
				IPHONEOS_DEPLOYMENT_TARGET = 13.2;
				LD_RUNPATH_SEARCH_PATHS = (
					"$(inherited)",
					"@executable_path/Frameworks",
					"@loader_path/Frameworks",
				);
				PRODUCT_BUNDLE_IDENTIFIER = com.link.QiushiTests;
				PRODUCT_NAME = "$(TARGET_NAME)";
				SWIFT_VERSION = 5.0;
				TARGETED_DEVICE_FAMILY = "1,2";
				TEST_HOST = "$(BUILT_PRODUCTS_DIR)/Qiushi.app/Qiushi";
			};
			name = Debug;
		};
		3B53DB33239D0C84009D7C22 /* Release */ = {
			isa = XCBuildConfiguration;
			baseConfigurationReference = E21F4D92055AE22593D3E378 /* Pods-QiushiTests.release.xcconfig */;
			buildSettings = {
				ALWAYS_EMBED_SWIFT_STANDARD_LIBRARIES = YES;
				BUNDLE_LOADER = "$(TEST_HOST)";
				CODE_SIGN_STYLE = Automatic;
				DEVELOPMENT_TEAM = 9H7JFCV9B8;
				INFOPLIST_FILE = QiushiTests/Info.plist;
				IPHONEOS_DEPLOYMENT_TARGET = 13.2;
				LD_RUNPATH_SEARCH_PATHS = (
					"$(inherited)",
					"@executable_path/Frameworks",
					"@loader_path/Frameworks",
				);
				PRODUCT_BUNDLE_IDENTIFIER = com.link.QiushiTests;
				PRODUCT_NAME = "$(TARGET_NAME)";
				SWIFT_VERSION = 5.0;
				TARGETED_DEVICE_FAMILY = "1,2";
				TEST_HOST = "$(BUILT_PRODUCTS_DIR)/Qiushi.app/Qiushi";
			};
			name = Release;
		};
		3B53DB35239D0C84009D7C22 /* Debug */ = {
			isa = XCBuildConfiguration;
			baseConfigurationReference = 15BD7F4919305F1B7E26E261 /* Pods-Qiushi-QiushiUITests.debug.xcconfig */;
			buildSettings = {
				ALWAYS_EMBED_SWIFT_STANDARD_LIBRARIES = YES;
				CODE_SIGN_STYLE = Automatic;
				DEVELOPMENT_TEAM = 9H7JFCV9B8;
				INFOPLIST_FILE = QiushiUITests/Info.plist;
				LD_RUNPATH_SEARCH_PATHS = (
					"$(inherited)",
					"@executable_path/Frameworks",
					"@loader_path/Frameworks",
				);
				PRODUCT_BUNDLE_IDENTIFIER = com.link.QiushiUITests;
				PRODUCT_NAME = "$(TARGET_NAME)";
				SWIFT_VERSION = 5.0;
				TARGETED_DEVICE_FAMILY = "1,2";
				TEST_TARGET_NAME = Qiushi;
			};
			name = Debug;
		};
		3B53DB36239D0C84009D7C22 /* Release */ = {
			isa = XCBuildConfiguration;
			baseConfigurationReference = 17D4EE1FAA1538AF351840E3 /* Pods-Qiushi-QiushiUITests.release.xcconfig */;
			buildSettings = {
				ALWAYS_EMBED_SWIFT_STANDARD_LIBRARIES = YES;
				CODE_SIGN_STYLE = Automatic;
				DEVELOPMENT_TEAM = 9H7JFCV9B8;
				INFOPLIST_FILE = QiushiUITests/Info.plist;
				LD_RUNPATH_SEARCH_PATHS = (
					"$(inherited)",
					"@executable_path/Frameworks",
					"@loader_path/Frameworks",
				);
				PRODUCT_BUNDLE_IDENTIFIER = com.link.QiushiUITests;
				PRODUCT_NAME = "$(TARGET_NAME)";
				SWIFT_VERSION = 5.0;
				TARGETED_DEVICE_FAMILY = "1,2";
				TEST_TARGET_NAME = Qiushi;
			};
			name = Release;
		};
/* End XCBuildConfiguration section */

/* Begin XCConfigurationList section */
		3B53DAFF239D0C82009D7C22 /* Build configuration list for PBXProject "Qiushi" */ = {
			isa = XCConfigurationList;
			buildConfigurations = (
				3B53DB2C239D0C84009D7C22 /* Debug */,
				3B53DB2D239D0C84009D7C22 /* Release */,
			);
			defaultConfigurationIsVisible = 0;
			defaultConfigurationName = Release;
		};
		3B53DB2E239D0C84009D7C22 /* Build configuration list for PBXNativeTarget "Qiushi" */ = {
			isa = XCConfigurationList;
			buildConfigurations = (
				3B53DB2F239D0C84009D7C22 /* Debug */,
				3B53DB30239D0C84009D7C22 /* Release */,
			);
			defaultConfigurationIsVisible = 0;
			defaultConfigurationName = Release;
		};
		3B53DB31239D0C84009D7C22 /* Build configuration list for PBXNativeTarget "QiushiTests" */ = {
			isa = XCConfigurationList;
			buildConfigurations = (
				3B53DB32239D0C84009D7C22 /* Debug */,
				3B53DB33239D0C84009D7C22 /* Release */,
			);
			defaultConfigurationIsVisible = 0;
			defaultConfigurationName = Release;
		};
		3B53DB34239D0C84009D7C22 /* Build configuration list for PBXNativeTarget "QiushiUITests" */ = {
			isa = XCConfigurationList;
			buildConfigurations = (
				3B53DB35239D0C84009D7C22 /* Debug */,
				3B53DB36239D0C84009D7C22 /* Release */,
			);
			defaultConfigurationIsVisible = 0;
			defaultConfigurationName = Release;
		};
/* End XCConfigurationList section */
	};
	rootObject = 3B53DAFC239D0C82009D7C22 /* Project object */;
}
